<?xml version="1.0" encoding="UTF-8" standalone="yes" ?>
<CodeBlocks_project_file>
	<FileVersion major="1" minor="6" />
	<Project>
		<Option title="master_CharAnim" />
		<Option pch_mode="2" />
		<Option compiler="gcc" />
		<Build>
			<Target title="debug|x64">
				<Option output="bin/master_CharAnim" prefix_auto="0" extension_auto="0" />
				<Option object_output="obj/x64/debug" />
				<Option type="1" />
				<Option compiler="gcc" />
				<Compiler>
					<Add option="-g" />
					<Add option="-m64" />
					<Add option="-DDEBUG" />
					<Add option="-mtune=native -march=native" />
					<Add option="-std=c++11" />
					<Add option="-W -Wall -Wextra -Wsign-compare -Wno-unused-parameter -Wno-unused-function -Wno-unused-variable" />
					<Add option="-pipe" />
					<Add option="-flto" />
					<Add directory="." />
					<Add directory="src/gKit" />
					<Add directory="src/master_CharAnim" />
					<Add directory="include" />
				</Compiler>
				<Linker>
					<Add option="-m64" />
					<Add option="-L/usr/lib64" />
					<Add option="-flto" />
					<Add option="-g" />
					<Add library="GLEW" />
					<Add library="SDL2" />
					<Add library="SDL2_image" />
					<Add library="GL" />
				</Linker>
			</Target>
			<Target title="release|x64">
				<Option output="bin/master_CharAnim" prefix_auto="0" extension_auto="0" />
				<Option object_output="obj/x64/release" />
				<Option type="1" />
				<Option compiler="gcc" />
				<Compiler>
					<Add option="-O3" />
					<Add option="-m64" />
					<Add option="-mtune=native -march=native" />
					<Add option="-std=c++11" />
					<Add option="-W -Wall -Wextra -Wsign-compare -Wno-unused-parameter -Wno-unused-function -Wno-unused-variable" />
					<Add option="-pipe" />
					<Add option="-flto" />
					<Add option="-fopenmp" />
					<Add directory="." />
					<Add directory="src/gKit" />
					<Add directory="src/master_CharAnim" />
					<Add directory="include" />
				</Compiler>
				<Linker>
					<Add option="-s" />
					<Add option="-m64" />
					<Add option="-L/usr/lib64" />
					<Add option="-flto" />
					<Add option="-fopenmp" />
					<Add library="GLEW" />
					<Add library="SDL2" />
					<Add library="SDL2_image" />
					<Add library="GL" />
				</Linker>
			</Target>
			<Target title="debug|x32">
				<Option output="bin/master_CharAnim" prefix_auto="0" extension_auto="0" />
				<Option object_output="obj/x32/debug" />
				<Option type="1" />
				<Option compiler="gcc" />
				<Compiler>
					<Add option="-g" />
					<Add option="-m32" />
					<Add option="-DDEBUG" />
					<Add option="-mtune=native -march=native" />
					<Add option="-std=c++11" />
					<Add option="-W -Wall -Wextra -Wsign-compare -Wno-unused-parameter -Wno-unused-function -Wno-unused-variable" />
					<Add option="-pipe" />
					<Add option="-flto" />
					<Add directory="." />
					<Add directory="src/gKit" />
					<Add directory="src/master_CharAnim" />
					<Add directory="include" />
				</Compiler>
				<Linker>
					<Add option="-m32" />
					<Add option="-L/usr/lib32" />
					<Add option="-flto" />
					<Add option="-g" />
					<Add library="GLEW" />
					<Add library="SDL2" />
					<Add library="SDL2_image" />
					<Add library="GL" />
				</Linker>
			</Target>
			<Target title="release|x32">
				<Option output="bin/master_CharAnim" prefix_auto="0" extension_auto="0" />
				<Option object_output="obj/x32/release" />
				<Option type="1" />
				<Option compiler="gcc" />
				<Compiler>
					<Add option="-O3" />
					<Add option="-m32" />
					<Add option="-mtune=native -march=native" />
					<Add option="-std=c++11" />
					<Add option="-W -Wall -Wextra -Wsign-compare -Wno-unused-parameter -Wno-unused-function -Wno-unused-variable" />
					<Add option="-pipe" />
					<Add option="-flto" />
					<Add option="-fopenmp" />
					<Add directory="." />
					<Add directory="src/gKit" />
					<Add directory="src/master_CharAnim" />
					<Add directory="include" />
				</Compiler>
				<Linker>
					<Add option="-s" />
					<Add option="-m32" />
					<Add option="-L/usr/lib32" />
					<Add option="-flto" />
					<Add option="-fopenmp" />
					<Add library="GLEW" />
					<Add library="SDL2" />
					<Add library="SDL2_image" />
					<Add library="GL" />
				</Linker>
			</Target>
		</Build>
		<Unit filename="include/Terrain.h" />
		<Unit filename="src/Terrain.cpp" />
		<Unit filename="src/gKit/app.cpp" />
		<Unit filename="src/gKit/app.h" />
		<Unit filename="src/gKit/app_time.cpp" />
		<Unit filename="src/gKit/app_time.h" />
		<Unit filename="src/gKit/color.cpp" />
		<Unit filename="src/gKit/color.h" />
		<Unit filename="src/gKit/draw.cpp" />
		<Unit filename="src/gKit/draw.h" />
		<Unit filename="src/gKit/gamepads.cpp" />
		<Unit filename="src/gKit/gamepads.h" />
		<Unit filename="src/gKit/glcore.h" />
		<Unit filename="src/gKit/image.cpp" />
		<Unit filename="src/gKit/image.h" />
		<Unit filename="src/gKit/image_hdr.cpp" />
		<Unit filename="src/gKit/image_hdr.h" />
		<Unit filename="src/gKit/image_io.cpp" />
		<Unit filename="src/gKit/image_io.h" />
		<Unit filename="src/gKit/mat.cpp" />
		<Unit filename="src/gKit/mat.h" />
		<Unit filename="src/gKit/mesh.cpp" />
		<Unit filename="src/gKit/mesh.h" />
		<Unit filename="src/gKit/orbiter.cpp" />
		<Unit filename="src/gKit/orbiter.h" />
		<Unit filename="src/gKit/program.cpp" />
		<Unit filename="src/gKit/program.h" />
		<Unit filename="src/gKit/quaternion.h" />
		<Unit filename="src/gKit/rgbe.cpp" />
		<Unit filename="src/gKit/rgbe.h" />
		<Unit filename="src/gKit/text.cpp" />
		<Unit filename="src/gKit/text.h" />
		<Unit filename="src/gKit/texture.cpp" />
		<Unit filename="src/gKit/texture.h" />
		<Unit filename="src/gKit/uniforms.cpp" />
		<Unit filename="src/gKit/uniforms.h" />
		<Unit filename="src/gKit/vec.cpp" />
		<Unit filename="src/gKit/vec.h" />
		<Unit filename="src/gKit/wavefront.cpp" />
		<Unit filename="src/gKit/wavefront.h" />
		<Unit filename="src/gKit/widgets.cpp" />
		<Unit filename="src/gKit/widgets.h" />
		<Unit filename="src/gKit/window.cpp" />
		<Unit filename="src/gKit/window.h" />
		<Unit filename="src/master_CharAnim/CharAnimViewer.cpp" />
		<Unit filename="src/master_CharAnim/CharAnimViewer.h" />
		<Unit filename="src/master_CharAnim/Viewer.cpp" />
		<Unit filename="src/master_CharAnim/Viewer.h" />
		<Unit filename="src/master_CharAnim/ViewerBasic.cpp" />
		<Unit filename="src/master_CharAnim/ViewerBasic.h" />
		<Unit filename="src/master_CharAnim/main.cpp" />
		<Extensions>
			<code_completion />
			<debugger />
		</Extensions>
	</Project>
</CodeBlocks_project_file>
